DEPENDENCIES
  apache2
    git: https://github.com/tknerr/apache2-cookbook.git
    revision: f2f0fa011641430daec0e6cfcf9ec1dde24528ab
    ref: patch-1
  sample-app
    path: .
    metadata: true

GRAPH
  apache2 (3.0.1)
    iptables (>= 0.0.0)
    logrotate (>= 0.0.0)
  apt (2.7.0)
  iptables (1.0.0)
  logrotate (1.9.1)
  sample-app (0.2.1)
    apache2 (= 3.0.1)
    apt (= 2.7.0)
